{
  "pins" : [
    {
      "identity" : "analytics-swift-flush-fix",
      "kind" : "remoteSourceControl",
      "location" : "https://github.com/reveri-health/analytics-swift-flush-fix",
      "state" : {
        "branch" : "main",
        "revision" : "c4bb71dea0b38c179b2d87b56ee096a06ce2ea86"
      }
    },
    {
      "identity" : "firebase-ios-sdk-xcframeworks",
      "kind" : "remoteSourceControl",
      "location" : "https://github.com/reveri-health/firebase-ios-sdk-xcframeworks",
      "state" : {
        "branch" : "release/10.17.0",
        "revision" : "49977b8c2ae77be329c81d514408796ebc36d785"
      }
    },
    {
      "identity" : "sovran-swift",
      "kind" : "remoteSourceControl",
      "location" : "https://github.com/segmentio/Sovran-Swift.git",
      "state" : {
        "revision" : "64f3b5150c282a34af4578188dce2fd597e600e3",
        "version" : "1.1.0"
      }
    }
  ],
  "version" : 2
}
