{
  "object": {
    "pins": [
      {
        "package": "Segment",
        "repositoryURL": "https://github.com/segmentio/analytics-swift.git",
        "state": {
          "branch": null,
          "revision": "7eeb2abf8452153af056baae5369679589f10936",
          "version": "1.5.9"
        }
      },
      {
        "package": "Firebase",
        "repositoryURL": "https://github.com/reveri-health/firebase-ios-sdk-xcframeworks",
        "state": {
          "branch": null,
          "revision": "958ad4a8662e1961eb0ade49c79142ca9b1ddbc0",
          "version": "10.24.0"
        }
      },
      {
        "package": "JSONSafeEncoder",
        "repositoryURL": "https://github.com/segmentio/jsonsafeencoder-swift.git",
        "state": {
          "branch": null,
          "revision": "8b70dc8c01b7b041912e30e29d2b488a43f782ac",
          "version": "1.0.1"
        }
      },
      {
        "package": "Sovran",
        "repositoryURL": "https://github.com/segmentio/Sovran-Swift.git",
        "state": {
          "branch": null,
          "revision": "a342b905f6baa64499cabdf61ccc185ec476b7b2",
          "version": "1.1.1"
        }
      }
    ]
  },
  "version": 1
}
