{
  "object": {
    "pins": [
      {
        "package": "Segment",
        "repositoryURL": "https://github.com/segmentio/analytics-swift.git",
        "state": {
          "branch": null,
          "revision": "bfa46967624eb54b046c994ac80b2d65ab24b59d",
          "version": "1.7.2"
        }
      },
      {
        "package": "Firebase",
        "repositoryURL": "https://github.com/akaffenberger/firebase-ios-sdk-xcframeworks",
        "state": {
          "branch": null,
          "revision": "ab903b739422d450162f821d023a4ea15a4b17ae",
          "version": "11.6.0"
        }
      },
      {
        "package": "JSONSafeEncoding",
        "repositoryURL": "https://github.com/segmentio/jsonsafeencoding-swift.git",
        "state": {
          "branch": null,
          "revision": "af6a8b360984085e36c6341b21ecb35c12f47ebd",
          "version": "2.0.0"
        }
      },
      {
        "package": "Sovran",
        "repositoryURL": "https://github.com/segmentio/Sovran-Swift.git",
        "state": {
          "branch": null,
          "revision": "24867f3e4ac62027db9827112135e6531b6f4051",
          "version": "1.1.2"
        }
      }
    ]
  },
  "version": 1
}
